
Microsoft Visual Studio Solution File, Format Version 12.00
# Visual Studio Version 18
VisualStudioVersion = 18.0.11222.15 d18.0
MinimumVisualStudioVersion = 10.0.40219.1
Project("{FAE04EC0-301F-11D3-BF4B-00C04F79EFBC}") = "reminderswebapi1", "reminderswebapi1\reminderswebapi1.csproj", "{834E3526-0ABF-498E-B3EB-267BCBA9808C}"
EndProject
Global
	GlobalSection(SolutionConfigurationPlatforms) = preSolution
		Debug|Any CPU = Debug|Any CPU
		Release|Any CPU = Release|Any CPU
	EndGlobalSection
	GlobalSection(ProjectConfigurationPlatforms) = postSolution
		{834E3526-0ABF-498E-B3EB-267BCBA9808C}.Debug|Any CPU.ActiveCfg = Debug|Any CPU
		{834E3526-0ABF-498E-B3EB-267BCBA9808C}.Debug|Any CPU.Build.0 = Debug|Any CPU
		{834E3526-0ABF-498E-B3EB-267BCBA9808C}.Release|Any CPU.ActiveCfg = Release|Any CPU
		{834E3526-0ABF-498E-B3EB-267BCBA9808C}.Release|Any CPU.Build.0 = Release|Any CPU
	EndGlobalSection
	GlobalSection(SolutionProperties) = preSolution
		HideSolutionNode = FALSE
	EndGlobalSection
	GlobalSection(ExtensibilityGlobals) = postSolution
		SolutionGuid = {B5DE404B-B51A-4F97-8665-0E07963400C0}
	EndGlobalSection
EndGlobal
