
Microsoft Visual Studio Solution File, Format Version 12.00
# Visual Studio Version 18
VisualStudioVersion = 18.0.11222.15
MinimumVisualStudioVersion = 10.0.40219.1
Project("{FAE04EC0-301F-11D3-BF4B-00C04F79EFBC}") = "reminderswebapi1", "reminderswebapi1\reminderswebapi1.csproj", "{834E3526-0ABF-498E-B3EB-267BCBA9808C}"
EndProject
Project("{54A90642-561A-4BB1-A94E-469ADEE60C69}") = "reactapp1.client", "ReactApp1\reactapp1.client\reactapp1.client.esproj", "{3FEEB8A9-4DA9-9B62-10D9-4F41E0E11944}"
EndProject
Project("{FAE04EC0-301F-11D3-BF4B-00C04F79EFBC}") = "ReactApp1.Server", "ReactApp1\ReactApp1.Server\ReactApp1.Server.csproj", "{1E26E71A-10D6-4932-9FC7-33ED1BCC83C4}"
EndProject
Project("{FAE04EC0-301F-11D3-BF4B-00C04F79EFBC}") = "reminderswebapi1tests", "reminderswebapi1tests\reminderswebapi1tests.csproj", "{043EE357-E502-4827-8861-258625BAB130}"
EndProject
Global
	GlobalSection(SolutionConfigurationPlatforms) = preSolution
		Debug|Any CPU = Debug|Any CPU
		Release|Any CPU = Release|Any CPU
	EndGlobalSection
	GlobalSection(ProjectConfigurationPlatforms) = postSolution
		{834E3526-0ABF-498E-B3EB-267BCBA9808C}.Debug|Any CPU.ActiveCfg = Debug|Any CPU
		{834E3526-0ABF-498E-B3EB-267BCBA9808C}.Debug|Any CPU.Build.0 = Debug|Any CPU
		{834E3526-0ABF-498E-B3EB-267BCBA9808C}.Release|Any CPU.ActiveCfg = Release|Any CPU
		{834E3526-0ABF-498E-B3EB-267BCBA9808C}.Release|Any CPU.Build.0 = Release|Any CPU
		{3FEEB8A9-4DA9-9B62-10D9-4F41E0E11944}.Debug|Any CPU.ActiveCfg = Debug|Any CPU
		{3FEEB8A9-4DA9-9B62-10D9-4F41E0E11944}.Debug|Any CPU.Build.0 = Debug|Any CPU
		{3FEEB8A9-4DA9-9B62-10D9-4F41E0E11944}.Debug|Any CPU.Deploy.0 = Debug|Any CPU
		{3FEEB8A9-4DA9-9B62-10D9-4F41E0E11944}.Release|Any CPU.ActiveCfg = Release|Any CPU
		{3FEEB8A9-4DA9-9B62-10D9-4F41E0E11944}.Release|Any CPU.Build.0 = Release|Any CPU
		{3FEEB8A9-4DA9-9B62-10D9-4F41E0E11944}.Release|Any CPU.Deploy.0 = Release|Any CPU
		{1E26E71A-10D6-4932-9FC7-33ED1BCC83C4}.Debug|Any CPU.ActiveCfg = Debug|Any CPU
		{1E26E71A-10D6-4932-9FC7-33ED1BCC83C4}.Debug|Any CPU.Build.0 = Debug|Any CPU
		{1E26E71A-10D6-4932-9FC7-33ED1BCC83C4}.Release|Any CPU.ActiveCfg = Release|Any CPU
		{1E26E71A-10D6-4932-9FC7-33ED1BCC83C4}.Release|Any CPU.Build.0 = Release|Any CPU
		{043EE357-E502-4827-8861-258625BAB130}.Debug|Any CPU.ActiveCfg = Debug|Any CPU
		{043EE357-E502-4827-8861-258625BAB130}.Debug|Any CPU.Build.0 = Debug|Any CPU
		{043EE357-E502-4827-8861-258625BAB130}.Release|Any CPU.ActiveCfg = Release|Any CPU
		{043EE357-E502-4827-8861-258625BAB130}.Release|Any CPU.Build.0 = Release|Any CPU
	EndGlobalSection
	GlobalSection(SolutionProperties) = preSolution
		HideSolutionNode = FALSE
	EndGlobalSection
	GlobalSection(ExtensibilityGlobals) = postSolution
		SolutionGuid = {B5DE404B-B51A-4F97-8665-0E07963400C0}
	EndGlobalSection
EndGlobal
